
Microsoft Visual Studio Solution File, Format Version 12.00
# Visual Studio Version 17
VisualStudioVersion = 17.10.35027.167
MinimumVisualStudioVersion = 10.0.40219.1
Project("{FAE04EC0-301F-11D3-BF4B-00C04F79EFBC}") = "RealEstate.API", "RealEstate.API\RealEstate.API.csproj", "{A18E7CA5-A641-4161-BD8C-47BABC3E61CA}"
EndProject
Global
	GlobalSection(SolutionConfigurationPlatforms) = preSolution
		Debug|Any CPU = Debug|Any CPU
		Release|Any CPU = Release|Any CPU
	EndGlobalSection
	GlobalSection(ProjectConfigurationPlatforms) = postSolution
		{A18E7CA5-A641-4161-BD8C-47BABC3E61CA}.Debug|Any CPU.ActiveCfg = Debug|Any CPU
		{A18E7CA5-A641-4161-BD8C-47BABC3E61CA}.Debug|Any CPU.Build.0 = Debug|Any CPU
		{A18E7CA5-A641-4161-BD8C-47BABC3E61CA}.Release|Any CPU.ActiveCfg = Release|Any CPU
		{A18E7CA5-A641-4161-BD8C-47BABC3E61CA}.Release|Any CPU.Build.0 = Release|Any CPU
	EndGlobalSection
	GlobalSection(SolutionProperties) = preSolution
		HideSolutionNode = FALSE
	EndGlobalSection
	GlobalSection(ExtensibilityGlobals) = postSolution
		SolutionGuid = {8318164A-ED86-4CB8-9B18-10D2FB1399CF}
	EndGlobalSection
EndGlobal
